
Microsoft Visual Studio Solution File, Format Version 12.00
Project("{FAE04EC0-301F-11D3-BF4B-00C04F79EFBC}") = "DepthChart", "DepthChart\DepthChart.csproj", "{3215977B-691E-450C-9C90-2193B1FB6A90}"
EndProject
Project("{FAE04EC0-301F-11D3-BF4B-00C04F79EFBC}") = "DepthChart.UnitTests", "DepthChart.UnitTests\DepthChart.UnitTests.csproj", "{5822A250-341F-49A5-8792-A695FF12C8EE}"
EndProject
Global
	GlobalSection(SolutionConfigurationPlatforms) = preSolution
		Debug|Any CPU = Debug|Any CPU
		Release|Any CPU = Release|Any CPU
	EndGlobalSection
	GlobalSection(ProjectConfigurationPlatforms) = postSolution
		{3215977B-691E-450C-9C90-2193B1FB6A90}.Debug|Any CPU.ActiveCfg = Debug|Any CPU
		{3215977B-691E-450C-9C90-2193B1FB6A90}.Debug|Any CPU.Build.0 = Debug|Any CPU
		{3215977B-691E-450C-9C90-2193B1FB6A90}.Release|Any CPU.ActiveCfg = Release|Any CPU
		{3215977B-691E-450C-9C90-2193B1FB6A90}.Release|Any CPU.Build.0 = Release|Any CPU
		{5822A250-341F-49A5-8792-A695FF12C8EE}.Debug|Any CPU.ActiveCfg = Debug|Any CPU
		{5822A250-341F-49A5-8792-A695FF12C8EE}.Debug|Any CPU.Build.0 = Debug|Any CPU
		{5822A250-341F-49A5-8792-A695FF12C8EE}.Release|Any CPU.ActiveCfg = Release|Any CPU
		{5822A250-341F-49A5-8792-A695FF12C8EE}.Release|Any CPU.Build.0 = Release|Any CPU
	EndGlobalSection
EndGlobal
